// !$*UTF8*$!
{
	archiveVersion = 1;
	classes = {
	};
	objectVersion = 52;
	objects = {

/* Begin PBXBuildFile section */
		84B49571250439A300375E38 /* AppDelegate.swift in Sources */ = {isa = PBXBuildFile; fileRef = 84B49570250439A300375E38 /* AppDelegate.swift */; };
		84B49575250439A300375E38 /* LoginViewController.swift in Sources */ = {isa = PBXBuildFile; fileRef = 84B49574250439A300375E38 /* LoginViewController.swift */; };
		84B49578250439A300375E38 /* Main.storyboard in Resources */ = {isa = PBXBuildFile; fileRef = 84B49576250439A300375E38 /* Main.storyboard */; };
		84B4957A250439A600375E38 /* Assets.xcassets in Resources */ = {isa = PBXBuildFile; fileRef = 84B49579250439A600375E38 /* Assets.xcassets */; };
		84B4957D250439A600375E38 /* LaunchScreen.storyboard in Resources */ = {isa = PBXBuildFile; fileRef = 84B4957B250439A600375E38 /* LaunchScreen.storyboard */; };
		84B49588250439A600375E38 /* callmemaybeTests.swift in Sources */ = {isa = PBXBuildFile; fileRef = 84B49587250439A600375E38 /* callmemaybeTests.swift */; };
		84B4959725044A6500375E38 /* Stevia in Frameworks */ = {isa = PBXBuildFile; productRef = 84B4959625044A6500375E38 /* Stevia */; };
		84B4959925044B2400375E38 /* ContactsViewController.swift in Sources */ = {isa = PBXBuildFile; fileRef = 84B4959825044B2400375E38 /* ContactsViewController.swift */; };
		84B4959B25044B4000375E38 /* CallViewController.swift in Sources */ = {isa = PBXBuildFile; fileRef = 84B4959A25044B4000375E38 /* CallViewController.swift */; };
		84B4959E25056D0B00375E38 /* Client.swift in Sources */ = {isa = PBXBuildFile; fileRef = 84B4959D25056D0B00375E38 /* Client.swift */; };
		84B495A025056D5C00375E38 /* Client+Stub.swift in Sources */ = {isa = PBXBuildFile; fileRef = 84B4959F25056D5C00375E38 /* Client+Stub.swift */; };
		84B495A325056EAF00375E38 /* Login.swift in Sources */ = {isa = PBXBuildFile; fileRef = 84B495A225056EAF00375E38 /* Login.swift */; };
		84B495A6250571B600375E38 /* Login.json in Resources */ = {isa = PBXBuildFile; fileRef = 84B495A5250571B600375E38 /* Login.json */; };
		84B495A7250574C800375E38 /* Login.json in Resources */ = {isa = PBXBuildFile; fileRef = 84B495A5250571B600375E38 /* Login.json */; };
		84B495A925058C6900375E38 /* ContactCell.swift in Sources */ = {isa = PBXBuildFile; fileRef = 84B495A825058C6900375E38 /* ContactCell.swift */; };
		84B495AB25059B6B00375E38 /* UserCall.swift in Sources */ = {isa = PBXBuildFile; fileRef = 84B495AA25059B6B00375E38 /* UserCall.swift */; };
		84B495AD25059B8100375E38 /* Room.swift in Sources */ = {isa = PBXBuildFile; fileRef = 84B495AC25059B8100375E38 /* Room.swift */; };
		84B495B0250639F800375E38 /* KeychainWrapper.swift in Sources */ = {isa = PBXBuildFile; fileRef = 84B495AF250639F800375E38 /* KeychainWrapper.swift */; };
		84B495B225063A5E00375E38 /* KeychainItemAccessibility.swift in Sources */ = {isa = PBXBuildFile; fileRef = 84B495B125063A5E00375E38 /* KeychainItemAccessibility.swift */; };
		84BDBA5825064713003BD9FA /* ParsingUtility.swift in Sources */ = {isa = PBXBuildFile; fileRef = 84BDBA5725064713003BD9FA /* ParsingUtility.swift */; };
/* End PBXBuildFile section */

/* Begin PBXContainerItemProxy section */
		84B49584250439A600375E38 /* PBXContainerItemProxy */ = {
			isa = PBXContainerItemProxy;
			containerPortal = 84B49565250439A300375E38 /* Project object */;
			proxyType = 1;
			remoteGlobalIDString = 84B4956C250439A300375E38;
			remoteInfo = callmemaybe;
		};
/* End PBXContainerItemProxy section */

/* Begin PBXFileReference section */
		84B4956D250439A300375E38 /* callmemaybe.app */ = {isa = PBXFileReference; explicitFileType = wrapper.application; includeInIndex = 0; path = callmemaybe.app; sourceTree = BUILT_PRODUCTS_DIR; };
		84B49570250439A300375E38 /* AppDelegate.swift */ = {isa = PBXFileReference; lastKnownFileType = sourcecode.swift; path = AppDelegate.swift; sourceTree = "<group>"; };
		84B49574250439A300375E38 /* LoginViewController.swift */ = {isa = PBXFileReference; lastKnownFileType = sourcecode.swift; path = LoginViewController.swift; sourceTree = "<group>"; };
		84B49577250439A300375E38 /* Base */ = {isa = PBXFileReference; lastKnownFileType = file.storyboard; name = Base; path = Base.lproj/Main.storyboard; sourceTree = "<group>"; };
		84B49579250439A600375E38 /* Assets.xcassets */ = {isa = PBXFileReference; lastKnownFileType = folder.assetcatalog; path = Assets.xcassets; sourceTree = "<group>"; };
		84B4957C250439A600375E38 /* Base */ = {isa = PBXFileReference; lastKnownFileType = file.storyboard; name = Base; path = Base.lproj/LaunchScreen.storyboard; sourceTree = "<group>"; };
		84B4957E250439A600375E38 /* Info.plist */ = {isa = PBXFileReference; lastKnownFileType = text.plist.xml; path = Info.plist; sourceTree = "<group>"; };
		84B49583250439A600375E38 /* callmemaybeTests.xctest */ = {isa = PBXFileReference; explicitFileType = wrapper.cfbundle; includeInIndex = 0; path = callmemaybeTests.xctest; sourceTree = BUILT_PRODUCTS_DIR; };
		84B49587250439A600375E38 /* callmemaybeTests.swift */ = {isa = PBXFileReference; lastKnownFileType = sourcecode.swift; path = callmemaybeTests.swift; sourceTree = "<group>"; };
		84B49589250439A600375E38 /* Info.plist */ = {isa = PBXFileReference; lastKnownFileType = text.plist.xml; path = Info.plist; sourceTree = "<group>"; };
		84B4959825044B2400375E38 /* ContactsViewController.swift */ = {isa = PBXFileReference; lastKnownFileType = sourcecode.swift; path = ContactsViewController.swift; sourceTree = "<group>"; };
		84B4959A25044B4000375E38 /* CallViewController.swift */ = {isa = PBXFileReference; lastKnownFileType = sourcecode.swift; path = CallViewController.swift; sourceTree = "<group>"; };
		84B4959D25056D0B00375E38 /* Client.swift */ = {isa = PBXFileReference; lastKnownFileType = sourcecode.swift; path = Client.swift; sourceTree = "<group>"; };
		84B4959F25056D5C00375E38 /* Client+Stub.swift */ = {isa = PBXFileReference; lastKnownFileType = sourcecode.swift; path = "Client+Stub.swift"; sourceTree = "<group>"; };
		84B495A225056EAF00375E38 /* Login.swift */ = {isa = PBXFileReference; lastKnownFileType = sourcecode.swift; path = Login.swift; sourceTree = "<group>"; };
		84B495A5250571B600375E38 /* Login.json */ = {isa = PBXFileReference; fileEncoding = 4; lastKnownFileType = text.json; path = Login.json; sourceTree = "<group>"; };
		84B495A825058C6900375E38 /* ContactCell.swift */ = {isa = PBXFileReference; lastKnownFileType = sourcecode.swift; path = ContactCell.swift; sourceTree = "<group>"; };
		84B495AA25059B6B00375E38 /* UserCall.swift */ = {isa = PBXFileReference; lastKnownFileType = sourcecode.swift; path = UserCall.swift; sourceTree = "<group>"; };
		84B495AC25059B8100375E38 /* Room.swift */ = {isa = PBXFileReference; lastKnownFileType = sourcecode.swift; path = Room.swift; sourceTree = "<group>"; };
		84B495AF250639F800375E38 /* KeychainWrapper.swift */ = {isa = PBXFileReference; lastKnownFileType = sourcecode.swift; path = KeychainWrapper.swift; sourceTree = "<group>"; };
		84B495B125063A5E00375E38 /* KeychainItemAccessibility.swift */ = {isa = PBXFileReference; lastKnownFileType = sourcecode.swift; path = KeychainItemAccessibility.swift; sourceTree = "<group>"; };
		84BDBA5725064713003BD9FA /* ParsingUtility.swift */ = {isa = PBXFileReference; lastKnownFileType = sourcecode.swift; path = ParsingUtility.swift; sourceTree = "<group>"; };
/* End PBXFileReference section */

/* Begin PBXFrameworksBuildPhase section */
		84B4956A250439A300375E38 /* Frameworks */ = {
			isa = PBXFrameworksBuildPhase;
			buildActionMask = 2147483647;
			files = (
				84B4959725044A6500375E38 /* Stevia in Frameworks */,
			);
			runOnlyForDeploymentPostprocessing = 0;
		};
		84B49580250439A600375E38 /* Frameworks */ = {
			isa = PBXFrameworksBuildPhase;
			buildActionMask = 2147483647;
			files = (
			);
			runOnlyForDeploymentPostprocessing = 0;
		};
/* End PBXFrameworksBuildPhase section */

/* Begin PBXGroup section */
		84B49564250439A300375E38 = {
			isa = PBXGroup;
			children = (
				84B4956F250439A300375E38 /* callmemaybe */,
				84B49586250439A600375E38 /* callmemaybeTests */,
				84B4956E250439A300375E38 /* Products */,
				84B4959525044A6500375E38 /* Frameworks */,
			);
			sourceTree = "<group>";
		};
		84B4956E250439A300375E38 /* Products */ = {
			isa = PBXGroup;
			children = (
				84B4956D250439A300375E38 /* callmemaybe.app */,
				84B49583250439A600375E38 /* callmemaybeTests.xctest */,
			);
			name = Products;
			sourceTree = "<group>";
		};
		84B4956F250439A300375E38 /* callmemaybe */ = {
			isa = PBXGroup;
			children = (
				84B495AE250639DC00375E38 /* KeychainWrapper */,
				84B495A425056F5300375E38 /* MockJson */,
				84B495A125056E8200375E38 /* Models */,
				84B4959C25056CE400375E38 /* Networking */,
				84B49570250439A300375E38 /* AppDelegate.swift */,
				84B49574250439A300375E38 /* LoginViewController.swift */,
				84B4959825044B2400375E38 /* ContactsViewController.swift */,
				84B4959A25044B4000375E38 /* CallViewController.swift */,
				84B49576250439A300375E38 /* Main.storyboard */,
				84B49579250439A600375E38 /* Assets.xcassets */,
				84B4957B250439A600375E38 /* LaunchScreen.storyboard */,
				84B4957E250439A600375E38 /* Info.plist */,
				84B495A825058C6900375E38 /* ContactCell.swift */,
			);
			path = callmemaybe;
			sourceTree = "<group>";
		};
		84B49586250439A600375E38 /* callmemaybeTests */ = {
			isa = PBXGroup;
			children = (
				84B49587250439A600375E38 /* callmemaybeTests.swift */,
				84B49589250439A600375E38 /* Info.plist */,
			);
			path = callmemaybeTests;
			sourceTree = "<group>";
		};
		84B4959525044A6500375E38 /* Frameworks */ = {
			isa = PBXGroup;
			children = (
			);
			name = Frameworks;
			sourceTree = "<group>";
		};
		84B4959C25056CE400375E38 /* Networking */ = {
			isa = PBXGroup;
			children = (
				84B4959D25056D0B00375E38 /* Client.swift */,
				84B4959F25056D5C00375E38 /* Client+Stub.swift */,
				84BDBA5725064713003BD9FA /* ParsingUtility.swift */,
			);
			path = Networking;
			sourceTree = "<group>";
		};
		84B495A125056E8200375E38 /* Models */ = {
			isa = PBXGroup;
			children = (
				84B495A225056EAF00375E38 /* Login.swift */,
				84B495AA25059B6B00375E38 /* UserCall.swift */,
				84B495AC25059B8100375E38 /* Room.swift */,
			);
			path = Models;
			sourceTree = "<group>";
		};
		84B495A425056F5300375E38 /* MockJson */ = {
			isa = PBXGroup;
			children = (
				84B495A5250571B600375E38 /* Login.json */,
			);
			path = MockJson;
			sourceTree = "<group>";
		};
		84B495AE250639DC00375E38 /* KeychainWrapper */ = {
			isa = PBXGroup;
			children = (
				84B495AF250639F800375E38 /* KeychainWrapper.swift */,
				84B495B125063A5E00375E38 /* KeychainItemAccessibility.swift */,
			);
			path = KeychainWrapper;
			sourceTree = "<group>";
		};
/* End PBXGroup section */

/* Begin PBXNativeTarget section */
		84B4956C250439A300375E38 /* callmemaybe */ = {
			isa = PBXNativeTarget;
			buildConfigurationList = 84B4958C250439A600375E38 /* Build configuration list for PBXNativeTarget "callmemaybe" */;
			buildPhases = (
				84B49569250439A300375E38 /* Sources */,
				84B4956A250439A300375E38 /* Frameworks */,
				84B4956B250439A300375E38 /* Resources */,
			);
			buildRules = (
			);
			dependencies = (
			);
			name = callmemaybe;
			packageProductDependencies = (
				84B4959625044A6500375E38 /* Stevia */,
			);
			productName = callmemaybe;
			productReference = 84B4956D250439A300375E38 /* callmemaybe.app */;
			productType = "com.apple.product-type.application";
		};
		84B49582250439A600375E38 /* callmemaybeTests */ = {
			isa = PBXNativeTarget;
			buildConfigurationList = 84B4958F250439A600375E38 /* Build configuration list for PBXNativeTarget "callmemaybeTests" */;
			buildPhases = (
				84B4957F250439A600375E38 /* Sources */,
				84B49580250439A600375E38 /* Frameworks */,
				84B49581250439A600375E38 /* Resources */,
			);
			buildRules = (
			);
			dependencies = (
				84B49585250439A600375E38 /* PBXTargetDependency */,
			);
			name = callmemaybeTests;
			productName = callmemaybeTests;
			productReference = 84B49583250439A600375E38 /* callmemaybeTests.xctest */;
			productType = "com.apple.product-type.bundle.unit-test";
		};
/* End PBXNativeTarget section */

/* Begin PBXProject section */
		84B49565250439A300375E38 /* Project object */ = {
			isa = PBXProject;
			attributes = {
				LastSwiftUpdateCheck = 1160;
				LastUpgradeCheck = 1160;
				ORGANIZATIONNAME = "Paolo Esposito";
				TargetAttributes = {
					84B4956C250439A300375E38 = {
						CreatedOnToolsVersion = 11.6;
					};
					84B49582250439A600375E38 = {
						CreatedOnToolsVersion = 11.6;
						TestTargetID = 84B4956C250439A300375E38;
					};
				};
			};
			buildConfigurationList = 84B49568250439A300375E38 /* Build configuration list for PBXProject "callmemaybe" */;
			compatibilityVersion = "Xcode 9.3";
			developmentRegion = en;
			hasScannedForEncodings = 0;
			knownRegions = (
				en,
				Base,
			);
			mainGroup = 84B49564250439A300375E38;
			packageReferences = (
				84B495922504491300375E38 /* XCRemoteSwiftPackageReference "Stevia" */,
			);
			productRefGroup = 84B4956E250439A300375E38 /* Products */;
			projectDirPath = "";
			projectRoot = "";
			targets = (
				84B4956C250439A300375E38 /* callmemaybe */,
				84B49582250439A600375E38 /* callmemaybeTests */,
			);
		};
/* End PBXProject section */

/* Begin PBXResourcesBuildPhase section */
		84B4956B250439A300375E38 /* Resources */ = {
			isa = PBXResourcesBuildPhase;
			buildActionMask = 2147483647;
			files = (
				84B4957D250439A600375E38 /* LaunchScreen.storyboard in Resources */,
				84B4957A250439A600375E38 /* Assets.xcassets in Resources */,
				84B49578250439A300375E38 /* Main.storyboard in Resources */,
				84B495A6250571B600375E38 /* Login.json in Resources */,
			);
			runOnlyForDeploymentPostprocessing = 0;
		};
		84B49581250439A600375E38 /* Resources */ = {
			isa = PBXResourcesBuildPhase;
			buildActionMask = 2147483647;
			files = (
				84B495A7250574C800375E38 /* Login.json in Resources */,
			);
			runOnlyForDeploymentPostprocessing = 0;
		};
/* End PBXResourcesBuildPhase section */

/* Begin PBXSourcesBuildPhase section */
		84B49569250439A300375E38 /* Sources */ = {
			isa = PBXSourcesBuildPhase;
			buildActionMask = 2147483647;
			files = (
				84B495A925058C6900375E38 /* ContactCell.swift in Sources */,
				84B495AB25059B6B00375E38 /* UserCall.swift in Sources */,
				84B495A325056EAF00375E38 /* Login.swift in Sources */,
				84B495B0250639F800375E38 /* KeychainWrapper.swift in Sources */,
				84B495A025056D5C00375E38 /* Client+Stub.swift in Sources */,
				84BDBA5825064713003BD9FA /* ParsingUtility.swift in Sources */,
				84B495B225063A5E00375E38 /* KeychainItemAccessibility.swift in Sources */,
				84B495AD25059B8100375E38 /* Room.swift in Sources */,
				84B49575250439A300375E38 /* LoginViewController.swift in Sources */,
				84B49571250439A300375E38 /* AppDelegate.swift in Sources */,
				84B4959B25044B4000375E38 /* CallViewController.swift in Sources */,
				84B4959E25056D0B00375E38 /* Client.swift in Sources */,
				84B4959925044B2400375E38 /* ContactsViewController.swift in Sources */,
			);
			runOnlyForDeploymentPostprocessing = 0;
		};
		84B4957F250439A600375E38 /* Sources */ = {
			isa = PBXSourcesBuildPhase;
			buildActionMask = 2147483647;
			files = (
				84B49588250439A600375E38 /* callmemaybeTests.swift in Sources */,
			);
			runOnlyForDeploymentPostprocessing = 0;
		};
/* End PBXSourcesBuildPhase section */

/* Begin PBXTargetDependency section */
		84B49585250439A600375E38 /* PBXTargetDependency */ = {
			isa = PBXTargetDependency;
			target = 84B4956C250439A300375E38 /* callmemaybe */;
			targetProxy = 84B49584250439A600375E38 /* PBXContainerItemProxy */;
		};
/* End PBXTargetDependency section */

/* Begin PBXVariantGroup section */
		84B49576250439A300375E38 /* Main.storyboard */ = {
			isa = PBXVariantGroup;
			children = (
				84B49577250439A300375E38 /* Base */,
			);
			name = Main.storyboard;
			sourceTree = "<group>";
		};
		84B4957B250439A600375E38 /* LaunchScreen.storyboard */ = {
			isa = PBXVariantGroup;
			children = (
				84B4957C250439A600375E38 /* Base */,
			);
			name = LaunchScreen.storyboard;
			sourceTree = "<group>";
		};
/* End PBXVariantGroup section */

/* Begin XCBuildConfiguration section */
		84B4958A250439A600375E38 /* Debug */ = {
			isa = XCBuildConfiguration;
			buildSettings = {
				ALWAYS_SEARCH_USER_PATHS = NO;
				CLANG_ANALYZER_NONNULL = YES;
				CLANG_ANALYZER_NUMBER_OBJECT_CONVERSION = YES_AGGRESSIVE;
				CLANG_CXX_LANGUAGE_STANDARD = "gnu++14";
				CLANG_CXX_LIBRARY = "libc++";
				CLANG_ENABLE_MODULES = YES;
				CLANG_ENABLE_OBJC_ARC = YES;
				CLANG_ENABLE_OBJC_WEAK = YES;
				CLANG_WARN_BLOCK_CAPTURE_AUTORELEASING = YES;
				CLANG_WARN_BOOL_CONVERSION = YES;
				CLANG_WARN_COMMA = YES;
				CLANG_WARN_CONSTANT_CONVERSION = YES;
				CLANG_WARN_DEPRECATED_OBJC_IMPLEMENTATIONS = YES;
				CLANG_WARN_DIRECT_OBJC_ISA_USAGE = YES_ERROR;
				CLANG_WARN_DOCUMENTATION_COMMENTS = YES;
				CLANG_WARN_EMPTY_BODY = YES;
				CLANG_WARN_ENUM_CONVERSION = YES;
				CLANG_WARN_INFINITE_RECURSION = YES;
				CLANG_WARN_INT_CONVERSION = YES;
				CLANG_WARN_NON_LITERAL_NULL_CONVERSION = YES;
				CLANG_WARN_OBJC_IMPLICIT_RETAIN_SELF = YES;
				CLANG_WARN_OBJC_LITERAL_CONVERSION = YES;
				CLANG_WARN_OBJC_ROOT_CLASS = YES_ERROR;
				CLANG_WARN_RANGE_LOOP_ANALYSIS = YES;
				CLANG_WARN_STRICT_PROTOTYPES = YES;
				CLANG_WARN_SUSPICIOUS_MOVE = YES;
				CLANG_WARN_UNGUARDED_AVAILABILITY = YES_AGGRESSIVE;
				CLANG_WARN_UNREACHABLE_CODE = YES;
				CLANG_WARN__DUPLICATE_METHOD_MATCH = YES;
				COPY_PHASE_STRIP = NO;
				DEBUG_INFORMATION_FORMAT = dwarf;
				ENABLE_STRICT_OBJC_MSGSEND = YES;
				ENABLE_TESTABILITY = YES;
				GCC_C_LANGUAGE_STANDARD = gnu11;
				GCC_DYNAMIC_NO_PIC = NO;
				GCC_NO_COMMON_BLOCKS = YES;
				GCC_OPTIMIZATION_LEVEL = 0;
				GCC_PREPROCESSOR_DEFINITIONS = (
					"DEBUG=1",
					"$(inherited)",
				);
				GCC_WARN_64_TO_32_BIT_CONVERSION = YES;
				GCC_WARN_ABOUT_RETURN_TYPE = YES_ERROR;
				GCC_WARN_UNDECLARED_SELECTOR = YES;
				GCC_WARN_UNINITIALIZED_AUTOS = YES_AGGRESSIVE;
				GCC_WARN_UNUSED_FUNCTION = YES;
				GCC_WARN_UNUSED_VARIABLE = YES;
				IPHONEOS_DEPLOYMENT_TARGET = 9.0;
				MTL_ENABLE_DEBUG_INFO = INCLUDE_SOURCE;
				MTL_FAST_MATH = YES;
				ONLY_ACTIVE_ARCH = YES;
				SDKROOT = iphoneos;
				SWIFT_ACTIVE_COMPILATION_CONDITIONS = DEBUG;
				SWIFT_OPTIMIZATION_LEVEL = "-Onone";
			};
			name = Debug;
		};
		84B4958B250439A600375E38 /* Release */ = {
			isa = XCBuildConfiguration;
			buildSettings = {
				ALWAYS_SEARCH_USER_PATHS = NO;
				CLANG_ANALYZER_NONNULL = YES;
				CLANG_ANALYZER_NUMBER_OBJECT_CONVERSION = YES_AGGRESSIVE;
				CLANG_CXX_LANGUAGE_STANDARD = "gnu++14";
				CLANG_CXX_LIBRARY = "libc++";
				CLANG_ENABLE_MODULES = YES;
				CLANG_ENABLE_OBJC_ARC = YES;
				CLANG_ENABLE_OBJC_WEAK = YES;
				CLANG_WARN_BLOCK_CAPTURE_AUTORELEASING = YES;
				CLANG_WARN_BOOL_CONVERSION = YES;
				CLANG_WARN_COMMA = YES;
				CLANG_WARN_CONSTANT_CONVERSION = YES;
				CLANG_WARN_DEPRECATED_OBJC_IMPLEMENTATIONS = YES;
				CLANG_WARN_DIRECT_OBJC_ISA_USAGE = YES_ERROR;
				CLANG_WARN_DOCUMENTATION_COMMENTS = YES;
				CLANG_WARN_EMPTY_BODY = YES;
				CLANG_WARN_ENUM_CONVERSION = YES;
				CLANG_WARN_INFINITE_RECURSION = YES;
				CLANG_WARN_INT_CONVERSION = YES;
				CLANG_WARN_NON_LITERAL_NULL_CONVERSION = YES;
				CLANG_WARN_OBJC_IMPLICIT_RETAIN_SELF = YES;
				CLANG_WARN_OBJC_LITERAL_CONVERSION = YES;
				CLANG_WARN_OBJC_ROOT_CLASS = YES_ERROR;
				CLANG_WARN_RANGE_LOOP_ANALYSIS = YES;
				CLANG_WARN_STRICT_PROTOTYPES = YES;
				CLANG_WARN_SUSPICIOUS_MOVE = YES;
				CLANG_WARN_UNGUARDED_AVAILABILITY = YES_AGGRESSIVE;
				CLANG_WARN_UNREACHABLE_CODE = YES;
				CLANG_WARN__DUPLICATE_METHOD_MATCH = YES;
				COPY_PHASE_STRIP = NO;
				DEBUG_INFORMATION_FORMAT = "dwarf-with-dsym";
				ENABLE_NS_ASSERTIONS = NO;
				ENABLE_STRICT_OBJC_MSGSEND = YES;
				GCC_C_LANGUAGE_STANDARD = gnu11;
				GCC_NO_COMMON_BLOCKS = YES;
				GCC_WARN_64_TO_32_BIT_CONVERSION = YES;
				GCC_WARN_ABOUT_RETURN_TYPE = YES_ERROR;
				GCC_WARN_UNDECLARED_SELECTOR = YES;
				GCC_WARN_UNINITIALIZED_AUTOS = YES_AGGRESSIVE;
				GCC_WARN_UNUSED_FUNCTION = YES;
				GCC_WARN_UNUSED_VARIABLE = YES;
				IPHONEOS_DEPLOYMENT_TARGET = 9.0;
				MTL_ENABLE_DEBUG_INFO = NO;
				MTL_FAST_MATH = YES;
				SDKROOT = iphoneos;
				SWIFT_COMPILATION_MODE = wholemodule;
				SWIFT_OPTIMIZATION_LEVEL = "-O";
				VALIDATE_PRODUCT = YES;
			};
			name = Release;
		};
		84B4958D250439A600375E38 /* Debug */ = {
			isa = XCBuildConfiguration;
			buildSettings = {
				ASSETCATALOG_COMPILER_APPICON_NAME = AppIcon;
				CODE_SIGN_STYLE = Automatic;
				DEVELOPMENT_TEAM = XJ73E459K3;
				INFOPLIST_FILE = callmemaybe/Info.plist;
				IPHONEOS_DEPLOYMENT_TARGET = 9.0;
				LD_RUNPATH_SEARCH_PATHS = (
					"$(inherited)",
					"@executable_path/Frameworks",
				);
				PRODUCT_BUNDLE_IDENTIFIER = me.paolo.callmemaybe;
				PRODUCT_NAME = "$(TARGET_NAME)";
				SWIFT_VERSION = 5.0;
				TARGETED_DEVICE_FAMILY = "1,2";
			};
			name = Debug;
		};
		84B4958E250439A600375E38 /* Release */ = {
			isa = XCBuildConfiguration;
			buildSettings = {
				ASSETCATALOG_COMPILER_APPICON_NAME = AppIcon;
				CODE_SIGN_STYLE = Automatic;
				DEVELOPMENT_TEAM = XJ73E459K3;
				INFOPLIST_FILE = callmemaybe/Info.plist;
				IPHONEOS_DEPLOYMENT_TARGET = 9.0;
				LD_RUNPATH_SEARCH_PATHS = (
					"$(inherited)",
					"@executable_path/Frameworks",
				);
				PRODUCT_BUNDLE_IDENTIFIER = me.paolo.callmemaybe;
				PRODUCT_NAME = "$(TARGET_NAME)";
				SWIFT_VERSION = 5.0;
				TARGETED_DEVICE_FAMILY = "1,2";
			};
			name = Release;
		};
		84B49590250439A600375E38 /* Debug */ = {
			isa = XCBuildConfiguration;
			buildSettings = {
				ALWAYS_EMBED_SWIFT_STANDARD_LIBRARIES = YES;
				BUNDLE_LOADER = "$(TEST_HOST)";
				CODE_SIGN_STYLE = Automatic;
				DEVELOPMENT_TEAM = XJ73E459K3;
				INFOPLIST_FILE = callmemaybeTests/Info.plist;
				IPHONEOS_DEPLOYMENT_TARGET = 9.0;
				LD_RUNPATH_SEARCH_PATHS = (
					"$(inherited)",
					"@executable_path/Frameworks",
					"@loader_path/Frameworks",
				);
				PRODUCT_BUNDLE_IDENTIFIER = me.paolo.callmemaybeTests;
				PRODUCT_NAME = "$(TARGET_NAME)";
				SWIFT_VERSION = 5.0;
				TARGETED_DEVICE_FAMILY = "1,2";
				TEST_HOST = "$(BUILT_PRODUCTS_DIR)/callmemaybe.app/callmemaybe";
			};
			name = Debug;
		};
		84B49591250439A600375E38 /* Release */ = {
			isa = XCBuildConfiguration;
			buildSettings = {
				ALWAYS_EMBED_SWIFT_STANDARD_LIBRARIES = YES;
				BUNDLE_LOADER = "$(TEST_HOST)";
				CODE_SIGN_STYLE = Automatic;
				DEVELOPMENT_TEAM = XJ73E459K3;
				INFOPLIST_FILE = callmemaybeTests/Info.plist;
				IPHONEOS_DEPLOYMENT_TARGET = 9.0;
				LD_RUNPATH_SEARCH_PATHS = (
					"$(inherited)",
					"@executable_path/Frameworks",
					"@loader_path/Frameworks",
				);
				PRODUCT_BUNDLE_IDENTIFIER = me.paolo.callmemaybeTests;
				PRODUCT_NAME = "$(TARGET_NAME)";
				SWIFT_VERSION = 5.0;
				TARGETED_DEVICE_FAMILY = "1,2";
				TEST_HOST = "$(BUILT_PRODUCTS_DIR)/callmemaybe.app/callmemaybe";
			};
			name = Release;
		};
/* End XCBuildConfiguration section */

/* Begin XCConfigurationList section */
		84B49568250439A300375E38 /* Build configuration list for PBXProject "callmemaybe" */ = {
			isa = XCConfigurationList;
			buildConfigurations = (
				84B4958A250439A600375E38 /* Debug */,
				84B4958B250439A600375E38 /* Release */,
			);
			defaultConfigurationIsVisible = 0;
			defaultConfigurationName = Release;
		};
		84B4958C250439A600375E38 /* Build configuration list for PBXNativeTarget "callmemaybe" */ = {
			isa = XCConfigurationList;
			buildConfigurations = (
				84B4958D250439A600375E38 /* Debug */,
				84B4958E250439A600375E38 /* Release */,
			);
			defaultConfigurationIsVisible = 0;
			defaultConfigurationName = Release;
		};
		84B4958F250439A600375E38 /* Build configuration list for PBXNativeTarget "callmemaybeTests" */ = {
			isa = XCConfigurationList;
			buildConfigurations = (
				84B49590250439A600375E38 /* Debug */,
				84B49591250439A600375E38 /* Release */,
			);
			defaultConfigurationIsVisible = 0;
			defaultConfigurationName = Release;
		};
/* End XCConfigurationList section */

/* Begin XCRemoteSwiftPackageReference section */
		84B495922504491300375E38 /* XCRemoteSwiftPackageReference "Stevia" */ = {
			isa = XCRemoteSwiftPackageReference;
			repositoryURL = "https://github.com/freshOS/Stevia";
			requirement = {
				kind = upToNextMajorVersion;
				minimumVersion = 5.0.1;
			};
		};
/* End XCRemoteSwiftPackageReference section */

/* Begin XCSwiftPackageProductDependency section */
		84B4959625044A6500375E38 /* Stevia */ = {
			isa = XCSwiftPackageProductDependency;
			package = 84B495922504491300375E38 /* XCRemoteSwiftPackageReference "Stevia" */;
			productName = Stevia;
		};
/* End XCSwiftPackageProductDependency section */
	};
	rootObject = 84B49565250439A300375E38 /* Project object */;
}
